
Microsoft Visual Studio Solution File, Format Version 12.00
# Visual Studio Version 16
VisualStudioVersion = 16.0.30523.141
MinimumVisualStudioVersion = 10.0.40219.1
Project("{FAE04EC0-301F-11D3-BF4B-00C04F79EFBC}") = "Bing.EasyPrint", "src\Bing.EasyPrint\Bing.EasyPrint.csproj", "{A202D824-3223-4E7B-A79B-96303192CAEB}"
EndProject
Project("{FAE04EC0-301F-11D3-BF4B-00C04F79EFBC}") = "Bing.EasyPrint.Tests", "tests\Bing.EasyPrint.Tests\Bing.EasyPrint.Tests.csproj", "{FE2CAB1A-E0EF-4775-AF4C-901314DF2939}"
EndProject
Global
	GlobalSection(SolutionConfigurationPlatforms) = preSolution
		Debug|Any CPU = Debug|Any CPU
		Release|Any CPU = Release|Any CPU
	EndGlobalSection
	GlobalSection(ProjectConfigurationPlatforms) = postSolution
		{A202D824-3223-4E7B-A79B-96303192CAEB}.Debug|Any CPU.ActiveCfg = Debug|Any CPU
		{A202D824-3223-4E7B-A79B-96303192CAEB}.Debug|Any CPU.Build.0 = Debug|Any CPU
		{A202D824-3223-4E7B-A79B-96303192CAEB}.Release|Any CPU.ActiveCfg = Release|Any CPU
		{A202D824-3223-4E7B-A79B-96303192CAEB}.Release|Any CPU.Build.0 = Release|Any CPU
		{FE2CAB1A-E0EF-4775-AF4C-901314DF2939}.Debug|Any CPU.ActiveCfg = Debug|Any CPU
		{FE2CAB1A-E0EF-4775-AF4C-901314DF2939}.Debug|Any CPU.Build.0 = Debug|Any CPU
		{FE2CAB1A-E0EF-4775-AF4C-901314DF2939}.Release|Any CPU.ActiveCfg = Release|Any CPU
		{FE2CAB1A-E0EF-4775-AF4C-901314DF2939}.Release|Any CPU.Build.0 = Release|Any CPU
	EndGlobalSection
	GlobalSection(SolutionProperties) = preSolution
		HideSolutionNode = FALSE
	EndGlobalSection
	GlobalSection(ExtensibilityGlobals) = postSolution
		SolutionGuid = {01422DBE-8356-4DFA-9C0B-4A15E1B0A46F}
	EndGlobalSection
EndGlobal
